# This file was autogenerated by Stack.
# You should not edit this file by hand.
# For more information, please see the documentation at:
#   https://docs.haskellstack.org/en/stable/topics/lock_files

packages:
- completed:
    hackage: ir-builder-0.1.0.0@sha256:bfd39f2970ea4ba07635f8e85807e3ec98e803bb385130f3d54d14ee55457909,5451
    pantry-tree:
      sha256: 840a48194c2ce9703151551aa17be781c97e954aa398b3ffc6b3285c263bacd3
      size: 3295
  original:
    hackage: ir-builder-0.1.0.0
snapshots:
- completed:
    sha256: 238fa745b64f91184f9aa518fe04bdde6552533d169b0da5256670df83a0f1a9
    size: 721141
    url: https://raw.githubusercontent.com/commercialhaskell/stackage-snapshots/master/lts/22/44.yaml
  original: lts-22.44
